{
  "name": "k6-template-typescript",
  "version": "1.0.0",
  "lockfileVersion": 2,
  "requires": true,
  "packages": {
    "": {
      "name": "k6-template-typescript",
      "version": "1.0.0",
      "license": "MIT",
      "devDependencies": {
        "@types/k6": "^0.43.0",
        "typescript": "^5.0.0"
      }
    },
    "node_modules/@types/k6": {
      "version": "0.43.3",
      "resolved": "https://registry.npmjs.org/@types/k6/-/k6-0.43.3.tgz",
      "integrity": "sha512-iNpIu2lKq6iYh6hMM7oJ2K1iDDq8kjPT+rXvfGVqgoiBd+F3j3jWJ+Nwc1MJutiR+TitFHk/DzzUzDk01LKP7Q==",
      "dev": true,
      "license": "MIT"
    },
    "node_modules/typescript": {
      "version": "5.3.3",
      "resolved": "https://registry.npmjs.org/typescript/-/typescript-5.3.3.tgz",
      "integrity": "sha512-pXWcraxM0uxAS+tN0AG/BF2TyqmHO014Z070UsJ+pFvYuRSq8KH8DmWpnbXe0pEPDHXZV3FcAbJkijJ5oNEnWw==",
      "dev": true,
      "bin": {
        "tsc": "bin/tsc",
        "tsserver": "bin/tsserver"
      },
      "engines": {
        "node": ">=14.17"
      }
    }
  },
  "dependencies": {
    "@types/k6": {
      "version": "0.43.3",
      "resolved": "https://registry.npmjs.org/@types/k6/-/k6-0.43.3.tgz",
      "integrity": "sha512-iNpIu2lKq6iYh6hMM7oJ2K1iDDq8kjPT+rXvfGVqgoiBd+F3j3jWJ+Nwc1MJutiR+TitFHk/DzzUzDk01LKP7Q==",
      "dev": true
    },
    "typescript": {
      "version": "5.3.3",
      "resolved": "https://registry.npmjs.org/typescript/-/typescript-5.3.3.tgz",
      "integrity": "sha512-pXWcraxM0uxAS+tN0AG/BF2TyqmHO014Z070UsJ+pFvYuRSq8KH8DmWpnbXe0pEPDHXZV3FcAbJkijJ5oNEnWw==",
      "dev": true
    }
  }
}
